
Microsoft Visual Studio Solution File, Format Version 12.00
# Visual Studio Version 17
VisualStudioVersion = 17.1.32421.90
MinimumVisualStudioVersion = 10.0.40219.1
Project("{9A19103F-16F7-4668-BE54-9A1E7A4F7556}") = "UserLogin", "PS-2022\UserLogin.csproj", "{26766EAB-5732-4551-B76C-7F22D749C150}"
EndProject
Project("{F184B08F-C81C-45F6-A57F-5ABD9991F28F}") = "StudentInfoSystem", "StudentInfoSystem\StudentInfoSystem.vbproj", "{30B86CF1-D6FC-4A70-B307-44DA387EE835}"
EndProject
Project("{9A19103F-16F7-4668-BE54-9A1E7A4F7556}") = "WPFHello", "WPFHello\WPFHello.csproj", "{450197E2-F8F7-4637-87F9-42761509449B}"
EndProject
Project("{FAE04EC0-301F-11D3-BF4B-00C04F79EFBC}") = "ExpenseIt", "ExpenseIt\ExpenseIt.csproj", "{75136CF7-F5EA-4B1D-9B36-AF9AD6D9E7A6}"
EndProject
Project("{FAE04EC0-301F-11D3-BF4B-00C04F79EFBC}") = "example", "\\Mac\Home\Downloads\PS-master\WPFExample\example.csproj", "{E3859A54-12AB-4670-9C32-B325BD1DDA37}"
EndProject
Project("{FAE04EC0-301F-11D3-BF4B-00C04F79EFBC}") = "WPFExample", "WPFExample\WPFExample.csproj", "{2F944504-4B8E-4371-B381-38EC1844AFA4}"
EndProject
Global
	GlobalSection(SolutionConfigurationPlatforms) = preSolution
		Debug|Any CPU = Debug|Any CPU
		Release|Any CPU = Release|Any CPU
	EndGlobalSection
	GlobalSection(ProjectConfigurationPlatforms) = postSolution
		{26766EAB-5732-4551-B76C-7F22D749C150}.Debug|Any CPU.ActiveCfg = Debug|Any CPU
		{26766EAB-5732-4551-B76C-7F22D749C150}.Debug|Any CPU.Build.0 = Debug|Any CPU
		{26766EAB-5732-4551-B76C-7F22D749C150}.Release|Any CPU.ActiveCfg = Release|Any CPU
		{26766EAB-5732-4551-B76C-7F22D749C150}.Release|Any CPU.Build.0 = Release|Any CPU
		{30B86CF1-D6FC-4A70-B307-44DA387EE835}.Debug|Any CPU.ActiveCfg = Debug|Any CPU
		{30B86CF1-D6FC-4A70-B307-44DA387EE835}.Debug|Any CPU.Build.0 = Debug|Any CPU
		{30B86CF1-D6FC-4A70-B307-44DA387EE835}.Release|Any CPU.ActiveCfg = Release|Any CPU
		{30B86CF1-D6FC-4A70-B307-44DA387EE835}.Release|Any CPU.Build.0 = Release|Any CPU
		{450197E2-F8F7-4637-87F9-42761509449B}.Debug|Any CPU.ActiveCfg = Debug|Any CPU
		{450197E2-F8F7-4637-87F9-42761509449B}.Debug|Any CPU.Build.0 = Debug|Any CPU
		{450197E2-F8F7-4637-87F9-42761509449B}.Release|Any CPU.ActiveCfg = Release|Any CPU
		{450197E2-F8F7-4637-87F9-42761509449B}.Release|Any CPU.Build.0 = Release|Any CPU
		{75136CF7-F5EA-4B1D-9B36-AF9AD6D9E7A6}.Debug|Any CPU.ActiveCfg = Debug|Any CPU
		{75136CF7-F5EA-4B1D-9B36-AF9AD6D9E7A6}.Debug|Any CPU.Build.0 = Debug|Any CPU
		{75136CF7-F5EA-4B1D-9B36-AF9AD6D9E7A6}.Release|Any CPU.ActiveCfg = Release|Any CPU
		{75136CF7-F5EA-4B1D-9B36-AF9AD6D9E7A6}.Release|Any CPU.Build.0 = Release|Any CPU
		{E3859A54-12AB-4670-9C32-B325BD1DDA37}.Debug|Any CPU.ActiveCfg = Debug|Any CPU
		{E3859A54-12AB-4670-9C32-B325BD1DDA37}.Debug|Any CPU.Build.0 = Debug|Any CPU
		{E3859A54-12AB-4670-9C32-B325BD1DDA37}.Release|Any CPU.ActiveCfg = Release|Any CPU
		{E3859A54-12AB-4670-9C32-B325BD1DDA37}.Release|Any CPU.Build.0 = Release|Any CPU
		{2F944504-4B8E-4371-B381-38EC1844AFA4}.Debug|Any CPU.ActiveCfg = Debug|Any CPU
		{2F944504-4B8E-4371-B381-38EC1844AFA4}.Debug|Any CPU.Build.0 = Debug|Any CPU
		{2F944504-4B8E-4371-B381-38EC1844AFA4}.Release|Any CPU.ActiveCfg = Release|Any CPU
		{2F944504-4B8E-4371-B381-38EC1844AFA4}.Release|Any CPU.Build.0 = Release|Any CPU
	EndGlobalSection
	GlobalSection(SolutionProperties) = preSolution
		HideSolutionNode = FALSE
	EndGlobalSection
	GlobalSection(ExtensibilityGlobals) = postSolution
		SolutionGuid = {93FB42FB-2860-4758-B6DB-277C5F55BC22}
	EndGlobalSection
EndGlobal
